
Microsoft Visual Studio Solution File, Format Version 12.00
Project("{FAE04EC0-301F-11D3-BF4B-00C04F79EFBC}") = "XDSDotNet", "src\XDSDotNet\XDSDotNet.csproj", "{6DDFD21F-1716-4BD7-A51C-8C3220E30722}"
EndProject
Project("{FAE04EC0-301F-11D3-BF4B-00C04F79EFBC}") = "XDSClient", "src\XDSClient\XDSClient.csproj", "{61F71FCA-8E06-4545-9C87-DE99555272AB}"
EndProject
Global
	GlobalSection(SolutionConfigurationPlatforms) = preSolution
		Debug|Any CPU = Debug|Any CPU
		Release|Any CPU = Release|Any CPU
	EndGlobalSection
	GlobalSection(ProjectConfigurationPlatforms) = postSolution
		{6DDFD21F-1716-4BD7-A51C-8C3220E30722}.Debug|Any CPU.ActiveCfg = Debug|Any CPU
		{6DDFD21F-1716-4BD7-A51C-8C3220E30722}.Debug|Any CPU.Build.0 = Debug|Any CPU
		{6DDFD21F-1716-4BD7-A51C-8C3220E30722}.Release|Any CPU.ActiveCfg = Release|Any CPU
		{6DDFD21F-1716-4BD7-A51C-8C3220E30722}.Release|Any CPU.Build.0 = Release|Any CPU
		{61F71FCA-8E06-4545-9C87-DE99555272AB}.Debug|Any CPU.ActiveCfg = Debug|Any CPU
		{61F71FCA-8E06-4545-9C87-DE99555272AB}.Debug|Any CPU.Build.0 = Debug|Any CPU
		{61F71FCA-8E06-4545-9C87-DE99555272AB}.Release|Any CPU.ActiveCfg = Release|Any CPU
		{61F71FCA-8E06-4545-9C87-DE99555272AB}.Release|Any CPU.Build.0 = Release|Any CPU
	EndGlobalSection
EndGlobal
